
Microsoft Visual Studio Solution File, Format Version 12.00
# Visual Studio Version 17
VisualStudioVersion = 17.7.34031.279
MinimumVisualStudioVersion = 10.0.40219.1
Project("{FAE04EC0-301F-11D3-BF4B-00C04F79EFBC}") = "NewTalents", "NewTalents\NewTalents.csproj", "{C6170E78-D125-4471-B8A7-07F70F5D197A}"
EndProject
Project("{FAE04EC0-301F-11D3-BF4B-00C04F79EFBC}") = "TestesNewTalents", "TestesNewTalents\TestesNewTalents.csproj", "{56D94DFE-DE7D-4FD0-A11D-33EAD2E58C84}"
EndProject
Global
	GlobalSection(SolutionConfigurationPlatforms) = preSolution
		Debug|Any CPU = Debug|Any CPU
		Release|Any CPU = Release|Any CPU
	EndGlobalSection
	GlobalSection(ProjectConfigurationPlatforms) = postSolution
		{C6170E78-D125-4471-B8A7-07F70F5D197A}.Debug|Any CPU.ActiveCfg = Debug|Any CPU
		{C6170E78-D125-4471-B8A7-07F70F5D197A}.Debug|Any CPU.Build.0 = Debug|Any CPU
		{C6170E78-D125-4471-B8A7-07F70F5D197A}.Release|Any CPU.ActiveCfg = Release|Any CPU
		{C6170E78-D125-4471-B8A7-07F70F5D197A}.Release|Any CPU.Build.0 = Release|Any CPU
		{56D94DFE-DE7D-4FD0-A11D-33EAD2E58C84}.Debug|Any CPU.ActiveCfg = Debug|Any CPU
		{56D94DFE-DE7D-4FD0-A11D-33EAD2E58C84}.Debug|Any CPU.Build.0 = Debug|Any CPU
		{56D94DFE-DE7D-4FD0-A11D-33EAD2E58C84}.Release|Any CPU.ActiveCfg = Release|Any CPU
		{56D94DFE-DE7D-4FD0-A11D-33EAD2E58C84}.Release|Any CPU.Build.0 = Release|Any CPU
	EndGlobalSection
	GlobalSection(SolutionProperties) = preSolution
		HideSolutionNode = FALSE
	EndGlobalSection
	GlobalSection(ExtensibilityGlobals) = postSolution
		SolutionGuid = {4305A4DD-ECCC-4347-9F2D-4F71B6D5727A}
	EndGlobalSection
EndGlobal
